
Microsoft Visual Studio Solution File, Format Version 12.00
# Visual Studio Version 16
VisualStudioVersion = 16.0.32510.428
MinimumVisualStudioVersion = 10.0.40219.1
Project("{FAE04EC0-301F-11D3-BF4B-00C04F79EFBC}") = "kiemtra_PhamNgocPhien_1911065337", "kiemtra_PhamNgocPhien_1911065337\kiemtra_PhamNgocPhien_1911065337.csproj", "{B08C3E8A-C282-453A-A57C-AAE19650642C}"
EndProject
Global
	GlobalSection(SolutionConfigurationPlatforms) = preSolution
		Debug|Any CPU = Debug|Any CPU
		Release|Any CPU = Release|Any CPU
	EndGlobalSection
	GlobalSection(ProjectConfigurationPlatforms) = postSolution
		{B08C3E8A-C282-453A-A57C-AAE19650642C}.Debug|Any CPU.ActiveCfg = Debug|Any CPU
		{B08C3E8A-C282-453A-A57C-AAE19650642C}.Debug|Any CPU.Build.0 = Debug|Any CPU
		{B08C3E8A-C282-453A-A57C-AAE19650642C}.Release|Any CPU.ActiveCfg = Release|Any CPU
		{B08C3E8A-C282-453A-A57C-AAE19650642C}.Release|Any CPU.Build.0 = Release|Any CPU
	EndGlobalSection
	GlobalSection(SolutionProperties) = preSolution
		HideSolutionNode = FALSE
	EndGlobalSection
	GlobalSection(ExtensibilityGlobals) = postSolution
		SolutionGuid = {1D65C400-6B3A-4CB4-9A30-26A971368127}
	EndGlobalSection
EndGlobal
